
Microsoft Visual Studio Solution File, Format Version 12.00
# Visual Studio 15
VisualStudioVersion = 15.0.26430.14
MinimumVisualStudioVersion = 10.0.40219.1
Project("{FAE04EC0-301F-11D3-BF4B-00C04F79EFBC}") = "HelloWorld", "HelloWorld\HelloWorld.csproj", "{FEEF1F4C-4324-43BA-843A-247B749F8A03}"
EndProject
Global
	GlobalSection(SolutionConfigurationPlatforms) = preSolution
		Debug|Any CPU = Debug|Any CPU
		Release|Any CPU = Release|Any CPU
	EndGlobalSection
	GlobalSection(ProjectConfigurationPlatforms) = postSolution
		{FEEF1F4C-4324-43BA-843A-247B749F8A03}.Debug|Any CPU.ActiveCfg = Debug|Any CPU
		{FEEF1F4C-4324-43BA-843A-247B749F8A03}.Debug|Any CPU.Build.0 = Debug|Any CPU
		{FEEF1F4C-4324-43BA-843A-247B749F8A03}.Release|Any CPU.ActiveCfg = Release|Any CPU
		{FEEF1F4C-4324-43BA-843A-247B749F8A03}.Release|Any CPU.Build.0 = Release|Any CPU
	EndGlobalSection
	GlobalSection(SolutionProperties) = preSolution
		HideSolutionNode = FALSE
	EndGlobalSection
EndGlobal
